<?xml version="1.0" encoding="utf-8"?>
<Project ToolsVersion="4.0" xmlns="http://schemas.microsoft.com/developer/msbuild/2003">
  <ItemGroup>
    <ClInclude Include="EngineCore.h" />
    <ClInclude Include="IContentsCore.h" />
    <ClInclude Include="PreCompile.h">
      <Filter>Precompile</Filter>
    </ClInclude>
    <ClInclude Include="Actor.h">
      <Filter>Actor</Filter>
    </ClInclude>
    <ClInclude Include="Pawn.h">
      <Filter>Actor</Filter>
    </ClInclude>
    <ClInclude Include="ActorComponent.h">
      <Filter>Actor\Component</Filter>
    </ClInclude>
    <ClInclude Include="SceneComponent.h">
      <Filter>Actor\Component</Filter>
    </ClInclude>
    <ClInclude Include="GameMode.h" />
    <ClInclude Include="CameraActor.h">
      <Filter>Camera</Filter>
    </ClInclude>
    <ClInclude Include="EngineCamera.h">
      <Filter>Camera</Filter>
    </ClInclude>
    <ClInclude Include="ThirdParty\DirectXTex\Inc\DirectXTex.h">
      <Filter>ThirdParty\DirectXTex\Inc</Filter>
    </ClInclude>
    <ClInclude Include="SpriteRenderer.h">
      <Filter>Rendering</Filter>
    </ClInclude>
    <ClInclude Include="Renderer.h">
      <Filter>Rendering</Filter>
    </ClInclude>
    <ClInclude Include="EngineGUI.h">
      <Filter>Imgui</Filter>
    </ClInclude>
    <ClInclude Include="EngineGUIWindow.h">
      <Filter>Imgui</Filter>
    </ClInclude>
    <ClInclude Include="DefaultSceneComponent.h">
      <Filter>Actor\Component</Filter>
    </ClInclude>
    <ClInclude Include="RenderUnit.h">
      <Filter>Rendering</Filter>
    </ClInclude>
    <ClInclude Include="EngineConstantBuffer.h">
      <Filter>DirectX\Buffer</Filter>
    </ClInclude>
    <ClInclude Include="EngineEnums.h" />
    <ClInclude Include="EngineDeviceBuffer.h">
      <Filter>DirectX\Buffer</Filter>
    </ClInclude>
    <ClInclude Include="EngineIndexBuffer.h">
      <Filter>DirectX\Buffer</Filter>
    </ClInclude>
    <ClInclude Include="EngineInputLayOutInfo.h">
      <Filter>DirectX\Info</Filter>
    </ClInclude>
    <ClInclude Include="EnginePixelShader.h">
      <Filter>DirectX\Shader</Filter>
    </ClInclude>
    <ClInclude Include="EngineMaterial.h">
      <Filter>DirectX\Resources</Filter>
    </ClInclude>
    <ClInclude Include="EngineShader.h">
      <Filter>DirectX\Shader</Filter>
    </ClInclude>
    <ClInclude Include="EngineShaderResources.h">
      <Filter>DirectX\Shader</Filter>
    </ClInclude>
    <ClInclude Include="EngineVertex.h">
      <Filter>DirectX\Resources</Filter>
    </ClInclude>
    <ClInclude Include="EngineVertexBuffer.h">
      <Filter>DirectX\Buffer</Filter>
    </ClInclude>
    <ClInclude Include="EngineVertexShader.h">
      <Filter>DirectX\Shader</Filter>
    </ClInclude>
    <ClInclude Include="imgui\imconfig.h">
      <Filter>Imgui</Filter>
    </ClInclude>
    <ClInclude Include="imgui\imgui.h">
      <Filter>Imgui</Filter>
    </ClInclude>
    <ClInclude Include="imgui\imgui_impl_dx11.h">
      <Filter>Imgui</Filter>
    </ClInclude>
    <ClInclude Include="imgui\imgui_impl_win32.h">
      <Filter>Imgui</Filter>
    </ClInclude>
    <ClInclude Include="imgui\imgui_internal.h">
      <Filter>Imgui</Filter>
    </ClInclude>
    <ClInclude Include="imgui\imstb_rectpack.h">
      <Filter>Imgui</Filter>
    </ClInclude>
    <ClInclude Include="imgui\imstb_textedit.h">
      <Filter>Imgui</Filter>
    </ClInclude>
    <ClInclude Include="imgui\imstb_truetype.h">
      <Filter>Imgui</Filter>
    </ClInclude>
    <ClInclude Include="EngineGraphicDevice.h">
      <Filter>DirectX\Device</Filter>
    </ClInclude>
    <ClInclude Include="EngineSprite.h">
      <Filter>Rendering</Filter>
    </ClInclude>
    <ClInclude Include="Level.h">
      <Filter>Actor</Filter>
    </ClInclude>
    <ClInclude Include="Mesh.h">
      <Filter>DirectX\Resources</Filter>
    </ClInclude>
    <ClInclude Include="EngineResources.h">
      <Filter>DirectX\Resources</Filter>
    </ClInclude>
    <ClInclude Include="EngineTexture.h">
      <Filter>DirectX\Resources</Filter>
    </ClInclude>
    <ClInclude Include="EngineSampler.h">
      <Filter>DirectX\Rasterize</Filter>
    </ClInclude>
    <ClInclude Include="EngineRasterizerState.h">
      <Filter>DirectX\Rasterize</Filter>
    </ClInclude>
    <ClInclude Include="EngineBlend.h">
      <Filter>DirectX\Rasterize</Filter>
    </ClInclude>
    <ClInclude Include="EngineDepthStencilState.h">
      <Filter>DirectX\Rasterize</Filter>
    </ClInclude>
    <ClInclude Include="TimeEventComponent.h">
      <Filter>Event</Filter>
    </ClInclude>
    <ClInclude Include="Collision.h" />
    <ClInclude Include="TileMapRenderer.h">
      <Filter>Rendering</Filter>
    </ClInclude>
    <ClInclude Include="EngineRenderTarget.h">
      <Filter>Rendering</Filter>
    </ClInclude>
    <ClInclude Include="HUD.h">
      <Filter>Actor</Filter>
    </ClInclude>
    <ClInclude Include="Widget.h">
      <Filter>Transform</Filter>
    </ClInclude>
    <ClInclude Include="TransformObject.h">
      <Filter>Transform</Filter>
    </ClInclude>
    <ClInclude Include="EngineDataStruct.h" />
    <ClInclude Include="EngineFont.h">
      <Filter>Font</Filter>
    </ClInclude>
    <ClInclude Include="EngineConst.h" />
    <ClInclude Include="FontWidget.h">
      <Filter>Font</Filter>
    </ClInclude>
    <ClInclude Include="ThirdParty\FW1FontWrapper\Inc\FW1FontWrapper.h">
      <Filter>ThirdParty\FW1FontWrapper\Inc</Filter>
    </ClInclude>
    <ClInclude Include="FontRenderer.h">
      <Filter>Rendering</Filter>
    </ClInclude>
    <ClInclude Include="GameInstance.h" />
    <ClInclude Include="ImageWidget.h">
      <Filter>Transform</Filter>
    </ClInclude>
    <ClInclude Include="EngineStructuredBuffer.h">
      <Filter>DirectX\Buffer</Filter>
    </ClInclude>
    <ClInclude Include="LightActor.h">
      <Filter>Light</Filter>
    </ClInclude>
    <ClInclude Include="Light.h">
      <Filter>Light</Filter>
    </ClInclude>
    <ClInclude Include="EngineStruct.h" />
  </ItemGroup>
  <ItemGroup>
    <ClCompile Include="EngineCore.cpp" />
    <ClCompile Include="PreCompile.cpp">
      <Filter>Precompile</Filter>
    </ClCompile>
    <ClCompile Include="Actor.cpp">
      <Filter>Actor</Filter>
    </ClCompile>
    <ClCompile Include="Pawn.cpp">
      <Filter>Actor</Filter>
    </ClCompile>
    <ClCompile Include="ActorComponent.cpp">
      <Filter>Actor\Component</Filter>
    </ClCompile>
    <ClCompile Include="SceneComponent.cpp">
      <Filter>Actor\Component</Filter>
    </ClCompile>
    <ClCompile Include="GameMode.cpp" />
    <ClCompile Include="CameraActor.cpp">
      <Filter>Camera</Filter>
    </ClCompile>
    <ClCompile Include="EngineCamera.cpp">
      <Filter>Camera</Filter>
    </ClCompile>
    <ClCompile Include="SpriteRenderer.cpp">
      <Filter>Rendering</Filter>
    </ClCompile>
    <ClCompile Include="Renderer.cpp">
      <Filter>Rendering</Filter>
    </ClCompile>
    <ClCompile Include="EngineGUI.cpp">
      <Filter>Imgui</Filter>
    </ClCompile>
    <ClCompile Include="EngineGUIWindow.cpp">
      <Filter>Imgui</Filter>
    </ClCompile>
    <ClCompile Include="DefaultSceneComponent.cpp">
      <Filter>Actor\Component</Filter>
    </ClCompile>
    <ClCompile Include="RenderUnit.cpp">
      <Filter>Rendering</Filter>
    </ClCompile>
    <ClCompile Include="EngineConstantBuffer.cpp">
      <Filter>DirectX\Buffer</Filter>
    </ClCompile>
    <ClCompile Include="EngineDeviceBuffer.cpp">
      <Filter>DirectX\Buffer</Filter>
    </ClCompile>
    <ClCompile Include="EngineIndexBuffer.cpp">
      <Filter>DirectX\Buffer</Filter>
    </ClCompile>
    <ClCompile Include="EngineInputLayOutInfo.cpp">
      <Filter>DirectX\Info</Filter>
    </ClCompile>
    <ClCompile Include="EnginePixelShader.cpp">
      <Filter>DirectX\Shader</Filter>
    </ClCompile>
    <ClCompile Include="EngineMaterial.cpp">
      <Filter>DirectX\Resources</Filter>
    </ClCompile>
    <ClCompile Include="EngineShader.cpp">
      <Filter>DirectX\Shader</Filter>
    </ClCompile>
    <ClCompile Include="EngineShaderResources.cpp">
      <Filter>DirectX\Shader</Filter>
    </ClCompile>
    <ClCompile Include="EngineVertex.cpp">
      <Filter>DirectX\Resources</Filter>
    </ClCompile>
    <ClCompile Include="EngineVertexBuffer.cpp">
      <Filter>DirectX\Buffer</Filter>
    </ClCompile>
    <ClCompile Include="EngineVertexShader.cpp">
      <Filter>DirectX\Shader</Filter>
    </ClCompile>
    <ClCompile Include="imgui\imgui.cpp">
      <Filter>Imgui</Filter>
    </ClCompile>
    <ClCompile Include="imgui\imgui_draw.cpp">
      <Filter>Imgui</Filter>
    </ClCompile>
    <ClCompile Include="imgui\imgui_impl_dx11.cpp">
      <Filter>Imgui</Filter>
    </ClCompile>
    <ClCompile Include="imgui\imgui_impl_win32.cpp">
      <Filter>Imgui</Filter>
    </ClCompile>
    <ClCompile Include="imgui\imgui_tables.cpp">
      <Filter>Imgui</Filter>
    </ClCompile>
    <ClCompile Include="imgui\imgui_widgets.cpp">
      <Filter>Imgui</Filter>
    </ClCompile>
    <ClCompile Include="EngineGraphicDevice_Resources.cpp">
      <Filter>DirectX\Device</Filter>
    </ClCompile>
    <ClCompile Include="EngineGraphicDevice.cpp">
      <Filter>DirectX\Device</Filter>
    </ClCompile>
    <ClCompile Include="EngineSprite.cpp">
      <Filter>Rendering</Filter>
    </ClCompile>
    <ClCompile Include="Level.cpp">
      <Filter>Actor</Filter>
    </ClCompile>
    <ClCompile Include="EngineResources.cpp">
      <Filter>DirectX\Resources</Filter>
    </ClCompile>
    <ClCompile Include="EngineTexture.cpp">
      <Filter>DirectX\Resources</Filter>
    </ClCompile>
    <ClCompile Include="Mesh.cpp">
      <Filter>DirectX\Resources</Filter>
    </ClCompile>
    <ClCompile Include="EngineRasterizerState.cpp">
      <Filter>DirectX\Rasterize</Filter>
    </ClCompile>
    <ClCompile Include="EngineSampler.cpp">
      <Filter>DirectX\Rasterize</Filter>
    </ClCompile>
    <ClCompile Include="EngineBlend.cpp">
      <Filter>DirectX\Rasterize</Filter>
    </ClCompile>
    <ClCompile Include="EngineDepthStencilState.cpp">
      <Filter>DirectX\Rasterize</Filter>
    </ClCompile>
    <ClCompile Include="TimeEventComponent.cpp">
      <Filter>Event</Filter>
    </ClCompile>
    <ClCompile Include="Collision.cpp" />
    <ClCompile Include="TileMapRenderer.cpp">
      <Filter>Rendering</Filter>
    </ClCompile>
    <ClCompile Include="EngineRenderTarget.cpp">
      <Filter>Rendering</Filter>
    </ClCompile>
    <ClCompile Include="HUD.cpp">
      <Filter>Actor</Filter>
    </ClCompile>
    <ClCompile Include="Widget.cpp">
      <Filter>Transform</Filter>
    </ClCompile>
    <ClCompile Include="TransformObject.cpp">
      <Filter>Transform</Filter>
    </ClCompile>
    <ClCompile Include="EngineFont.cpp">
      <Filter>Font</Filter>
    </ClCompile>
    <ClCompile Include="FontWidget.cpp">
      <Filter>Font</Filter>
    </ClCompile>
    <ClCompile Include="FontRenderer.cpp">
      <Filter>Rendering</Filter>
    </ClCompile>
    <ClCompile Include="GameInstance.cpp" />
    <ClCompile Include="ImageWidget.cpp">
      <Filter>Transform</Filter>
    </ClCompile>
    <ClCompile Include="EngineStructuredBuffer.cpp">
      <Filter>DirectX\Buffer</Filter>
    </ClCompile>
    <ClCompile Include="Light.cpp">
      <Filter>Light</Filter>
    </ClCompile>
    <ClCompile Include="LightActor.cpp">
      <Filter>Light</Filter>
    </ClCompile>
    <ClCompile Include="EngineStruct.cpp" />
  </ItemGroup>
  <ItemGroup>
    <Filter Include="Precompile">
      <UniqueIdentifier>{d42932bf-94ca-46fd-b5dd-f25b3fb3333c}</UniqueIdentifier>
    </Filter>
    <Filter Include="Actor">
      <UniqueIdentifier>{71c5887d-aaaa-4a6c-9003-85c9f486ae9d}</UniqueIdentifier>
    </Filter>
    <Filter Include="Camera">
      <UniqueIdentifier>{88123aa3-d5e4-4524-9bb1-7880040af938}</UniqueIdentifier>
    </Filter>
    <Filter Include="ThirdParty">
      <UniqueIdentifier>{0f4a2647-b28b-432f-a568-59da80706c61}</UniqueIdentifier>
    </Filter>
    <Filter Include="ThirdParty\DirectXTex">
      <UniqueIdentifier>{aab3a29b-d693-4265-81f1-ac5272ee40c7}</UniqueIdentifier>
    </Filter>
    <Filter Include="ThirdParty\DirectXTex\Debug">
      <UniqueIdentifier>{d055502d-2666-4aaa-88f6-d4e4050a09e3}</UniqueIdentifier>
    </Filter>
    <Filter Include="ThirdParty\DirectXTex\Release">
      <UniqueIdentifier>{2c956bec-4038-42fc-81a3-7c93c0eda8b3}</UniqueIdentifier>
    </Filter>
    <Filter Include="ThirdParty\DirectXTex\Inc">
      <UniqueIdentifier>{575da293-6183-48c0-b1c5-59263c4e9f04}</UniqueIdentifier>
    </Filter>
    <Filter Include="Rendering">
      <UniqueIdentifier>{0d9704b0-edd8-43b3-b0ea-e0ce3adb1e92}</UniqueIdentifier>
    </Filter>
    <Filter Include="Imgui">
      <UniqueIdentifier>{29f5cf9d-b13d-497a-bb3b-d6b93dad1b55}</UniqueIdentifier>
    </Filter>
    <Filter Include="Shader">
      <UniqueIdentifier>{fe5ce624-ae62-4df1-9d8c-c37e908effab}</UniqueIdentifier>
    </Filter>
    <Filter Include="DirectX">
      <UniqueIdentifier>{43d70089-5908-4432-8508-c3abd5796dff}</UniqueIdentifier>
    </Filter>
    <Filter Include="DirectX\Buffer">
      <UniqueIdentifier>{6566977f-b498-4c3e-ab87-507f6c2dedc1}</UniqueIdentifier>
    </Filter>
    <Filter Include="DirectX\Shader">
      <UniqueIdentifier>{0985a362-2c0d-48d1-bea1-b38cddb17dac}</UniqueIdentifier>
    </Filter>
    <Filter Include="DirectX\Info">
      <UniqueIdentifier>{e6993002-e419-4262-9330-876ecddbb406}</UniqueIdentifier>
    </Filter>
    <Filter Include="DirectX\Resources">
      <UniqueIdentifier>{78e4d673-7430-4782-b3b2-1c1d693e8690}</UniqueIdentifier>
    </Filter>
    <Filter Include="DirectX\Device">
      <UniqueIdentifier>{2f28a6ea-aced-4480-ab44-c960d36f693f}</UniqueIdentifier>
    </Filter>
    <Filter Include="Actor\Component">
      <UniqueIdentifier>{30bd41ba-dddb-45fc-88a4-a26865146940}</UniqueIdentifier>
    </Filter>
    <Filter Include="DirectX\Rasterize">
      <UniqueIdentifier>{49ab355a-5358-4934-bf30-4b862ced7089}</UniqueIdentifier>
    </Filter>
    <Filter Include="Event">
      <UniqueIdentifier>{d7c754c5-44e0-46ee-b497-ef15bbeb6bae}</UniqueIdentifier>
    </Filter>
    <Filter Include="Transform">
      <UniqueIdentifier>{de2125a5-bf16-465a-a989-fe89d7363641}</UniqueIdentifier>
    </Filter>
    <Filter Include="Font">
      <UniqueIdentifier>{964810da-e7fc-4072-81dd-128caefc17df}</UniqueIdentifier>
    </Filter>
    <Filter Include="ThirdParty\FW1FontWrapper">
      <UniqueIdentifier>{c3d730a3-feea-4998-ad46-6817e16ba418}</UniqueIdentifier>
    </Filter>
    <Filter Include="ThirdParty\FW1FontWrapper\Inc">
      <UniqueIdentifier>{2df272fb-fa88-4ad4-b9a4-86c527009ffd}</UniqueIdentifier>
    </Filter>
    <Filter Include="ThirdParty\FW1FontWrapper\Debug">
      <UniqueIdentifier>{fdcb37c3-6822-4df7-9104-50c57e627455}</UniqueIdentifier>
    </Filter>
    <Filter Include="ThirdParty\FW1FontWrapper\Release">
      <UniqueIdentifier>{81a4d6f1-e438-493d-a4ad-b3dfaed387d2}</UniqueIdentifier>
    </Filter>
    <Filter Include="Light">
      <UniqueIdentifier>{614dfa92-c2ca-4d2f-82ec-6f14712cac09}</UniqueIdentifier>
    </Filter>
  </ItemGroup>
  <ItemGroup>
    <None Include="ThirdParty\DirectXTex\Inc\DirectXTex.inl">
      <Filter>ThirdParty\DirectXTex\Inc</Filter>
    </None>
    <None Include="..\EngineShader\Light.hlsli">
      <Filter>Shader</Filter>
    </None>
    <None Include="..\EngineShader\Transform.hlsli">
      <Filter>Shader</Filter>
    </None>
    <None Include="..\EngineShader\RenderBaseData.hlsli">
      <Filter>Shader</Filter>
    </None>
  </ItemGroup>
  <ItemGroup>
    <Library Include="ThirdParty\DirectXTex\Release\DirectXTex.lib">
      <Filter>ThirdParty\DirectXTex\Release</Filter>
    </Library>
    <Library Include="ThirdParty\FW1FontWrapper\Debug\FW1FontWrapper.lib">
      <Filter>ThirdParty\FW1FontWrapper\Debug</Filter>
    </Library>
    <Library Include="ThirdParty\FW1FontWrapper\Release\FW1FontWrapper.lib">
      <Filter>ThirdParty\FW1FontWrapper\Release</Filter>
    </Library>
    <Library Include="ThirdParty\DirectXTex\Debug\DirectXTexd.lib">
      <Filter>ThirdParty\DirectXTex\Debug</Filter>
    </Library>
  </ItemGroup>
  <ItemGroup>
    <FxCompile Include="..\EngineShader\EngineSpriteShader.fx">
      <Filter>Shader</Filter>
    </FxCompile>
    <FxCompile Include="..\EngineShader\EngineDebugCollisionShader.fx">
      <Filter>Shader</Filter>
    </FxCompile>
    <FxCompile Include="..\EngineShader\EngineTileMapShader.fx">
      <Filter>Shader</Filter>
    </FxCompile>
    <FxCompile Include="..\EngineShader\EngineTileMapInstShader.fx">
      <Filter>Shader</Filter>
    </FxCompile>
    <FxCompile Include="..\EngineShader\EngineTargetMergeShader.fx">
      <Filter>Shader</Filter>
    </FxCompile>
    <FxCompile Include="..\EngineShader\EngineMeshLightShader.fx">
      <Filter>Shader</Filter>
    </FxCompile>
  </ItemGroup>
  <ItemGroup>
    <CopyFileToFolders Include="ThirdParty\FW1FontWrapper\Release\FW1FontWrapper.dll">
      <Filter>ThirdParty\FW1FontWrapper\Release</Filter>
    </CopyFileToFolders>
    <CopyFileToFolders Include="ThirdParty\FW1FontWrapper\Debug\FW1FontWrapper.dll">
      <Filter>ThirdParty\FW1FontWrapper\Debug</Filter>
    </CopyFileToFolders>
  </ItemGroup>
</Project>