<?xml version="1.0" encoding="utf-8"?>
<Project ToolsVersion="4.0" xmlns="http://schemas.microsoft.com/developer/msbuild/2003">
  <ItemGroup>
    <ClInclude Include="EngineCore.h" />
    <ClInclude Include="IContentsCore.h" />
    <ClInclude Include="PreCompile.h">
      <Filter>Precompile</Filter>
    </ClInclude>
    <ClInclude Include="Level.h" />
    <ClInclude Include="Actor.h">
      <Filter>Actor</Filter>
    </ClInclude>
    <ClInclude Include="Pawn.h">
      <Filter>Actor</Filter>
    </ClInclude>
    <ClInclude Include="ActorComponent.h">
      <Filter>Component</Filter>
    </ClInclude>
    <ClInclude Include="SceneComponent.h">
      <Filter>Component</Filter>
    </ClInclude>
    <ClInclude Include="GameMode.h" />
    <ClInclude Include="EngineGraphicDevice.h" />
    <ClInclude Include="CameraActor.h">
      <Filter>Camera</Filter>
    </ClInclude>
    <ClInclude Include="EngineCamera.h">
      <Filter>Camera</Filter>
    </ClInclude>
    <ClInclude Include="ThirdParty\DirectXTex\Inc\DirectXTex.h">
      <Filter>ThirdParty\DirectXTex\Inc</Filter>
    </ClInclude>
    <ClInclude Include="SpriteRenderer.h">
      <Filter>Rendering</Filter>
    </ClInclude>
    <ClInclude Include="Renderer.h">
      <Filter>Rendering</Filter>
    </ClInclude>
    <ClInclude Include="EngineResources.h">
      <Filter>Resources</Filter>
    </ClInclude>
    <ClInclude Include="EngineTexture.h">
      <Filter>Resources</Filter>
    </ClInclude>
    <ClInclude Include="EngineSprite.h">
      <Filter>Component</Filter>
    </ClInclude>
    <ClInclude Include="imstb_truetype.h">
      <Filter>Imgui</Filter>
    </ClInclude>
    <ClInclude Include="imconfig.h">
      <Filter>Imgui</Filter>
    </ClInclude>
    <ClInclude Include="imgui.h">
      <Filter>Imgui</Filter>
    </ClInclude>
    <ClInclude Include="imgui_impl_dx11.h">
      <Filter>Imgui</Filter>
    </ClInclude>
    <ClInclude Include="imgui_impl_win32.h">
      <Filter>Imgui</Filter>
    </ClInclude>
    <ClInclude Include="imgui_internal.h">
      <Filter>Imgui</Filter>
    </ClInclude>
    <ClInclude Include="imstb_rectpack.h">
      <Filter>Imgui</Filter>
    </ClInclude>
    <ClInclude Include="imstb_textedit.h">
      <Filter>Imgui</Filter>
    </ClInclude>
    <ClInclude Include="EngineGUI.h">
      <Filter>Imgui</Filter>
    </ClInclude>
    <ClInclude Include="EngineGUIWindow.h">
      <Filter>Imgui</Filter>
    </ClInclude>
    <ClInclude Include="DefaultSceneComponent.h">
      <Filter>Component</Filter>
    </ClInclude>
    <ClInclude Include="ObjRenderer.h">
      <Filter>Rendering</Filter>
    </ClInclude>
    <ClInclude Include="ThirdParty\Assimp\Inc\assimp\aabb.h">
      <Filter>ThirdParty\Assimp\Inc</Filter>
    </ClInclude>
    <ClInclude Include="ThirdParty\Assimp\Inc\assimp\ai_assert.h">
      <Filter>ThirdParty\Assimp\Inc</Filter>
    </ClInclude>
    <ClInclude Include="ThirdParty\Assimp\Inc\assimp\anim.h">
      <Filter>ThirdParty\Assimp\Inc</Filter>
    </ClInclude>
    <ClInclude Include="ThirdParty\Assimp\Inc\assimp\AssertHandler.h">
      <Filter>ThirdParty\Assimp\Inc</Filter>
    </ClInclude>
    <ClInclude Include="ThirdParty\Assimp\Inc\assimp\Base64.hpp">
      <Filter>ThirdParty\Assimp\Inc</Filter>
    </ClInclude>
    <ClInclude Include="ThirdParty\Assimp\Inc\assimp\BaseImporter.h">
      <Filter>ThirdParty\Assimp\Inc</Filter>
    </ClInclude>
    <ClInclude Include="ThirdParty\Assimp\Inc\assimp\Bitmap.h">
      <Filter>ThirdParty\Assimp\Inc</Filter>
    </ClInclude>
    <ClInclude Include="ThirdParty\Assimp\Inc\assimp\BlobIOSystem.h">
      <Filter>ThirdParty\Assimp\Inc</Filter>
    </ClInclude>
    <ClInclude Include="ThirdParty\Assimp\Inc\assimp\ByteSwapper.h">
      <Filter>ThirdParty\Assimp\Inc</Filter>
    </ClInclude>
    <ClInclude Include="ThirdParty\Assimp\Inc\assimp\camera.h">
      <Filter>ThirdParty\Assimp\Inc</Filter>
    </ClInclude>
    <ClInclude Include="ThirdParty\Assimp\Inc\assimp\cexport.h">
      <Filter>ThirdParty\Assimp\Inc</Filter>
    </ClInclude>
    <ClInclude Include="ThirdParty\Assimp\Inc\assimp\cfileio.h">
      <Filter>ThirdParty\Assimp\Inc</Filter>
    </ClInclude>
    <ClInclude Include="ThirdParty\Assimp\Inc\assimp\cimport.h">
      <Filter>ThirdParty\Assimp\Inc</Filter>
    </ClInclude>
    <ClInclude Include="ThirdParty\Assimp\Inc\assimp\ColladaMetaData.h">
      <Filter>ThirdParty\Assimp\Inc</Filter>
    </ClInclude>
    <ClInclude Include="ThirdParty\Assimp\Inc\assimp\color4.h">
      <Filter>ThirdParty\Assimp\Inc</Filter>
    </ClInclude>
    <ClInclude Include="ThirdParty\Assimp\Inc\assimp\commonMetaData.h">
      <Filter>ThirdParty\Assimp\Inc</Filter>
    </ClInclude>
    <ClInclude Include="ThirdParty\Assimp\Inc\assimp\config.h">
      <Filter>ThirdParty\Assimp\Inc</Filter>
    </ClInclude>
    <ClInclude Include="ThirdParty\Assimp\Inc\assimp\CreateAnimMesh.h">
      <Filter>ThirdParty\Assimp\Inc</Filter>
    </ClInclude>
    <ClInclude Include="ThirdParty\Assimp\Inc\assimp\DefaultIOStream.h">
      <Filter>ThirdParty\Assimp\Inc</Filter>
    </ClInclude>
    <ClInclude Include="ThirdParty\Assimp\Inc\assimp\DefaultIOSystem.h">
      <Filter>ThirdParty\Assimp\Inc</Filter>
    </ClInclude>
    <ClInclude Include="ThirdParty\Assimp\Inc\assimp\DefaultLogger.hpp">
      <Filter>ThirdParty\Assimp\Inc</Filter>
    </ClInclude>
    <ClInclude Include="ThirdParty\Assimp\Inc\assimp\defs.h">
      <Filter>ThirdParty\Assimp\Inc</Filter>
    </ClInclude>
    <ClInclude Include="ThirdParty\Assimp\Inc\assimp\Exceptional.h">
      <Filter>ThirdParty\Assimp\Inc</Filter>
    </ClInclude>
    <ClInclude Include="ThirdParty\Assimp\Inc\assimp\Exporter.hpp">
      <Filter>ThirdParty\Assimp\Inc</Filter>
    </ClInclude>
    <ClInclude Include="ThirdParty\Assimp\Inc\assimp\fast_atof.h">
      <Filter>ThirdParty\Assimp\Inc</Filter>
    </ClInclude>
    <ClInclude Include="ThirdParty\Assimp\Inc\assimp\GenericProperty.h">
      <Filter>ThirdParty\Assimp\Inc</Filter>
    </ClInclude>
    <ClInclude Include="ThirdParty\Assimp\Inc\assimp\GltfMaterial.h">
      <Filter>ThirdParty\Assimp\Inc</Filter>
    </ClInclude>
    <ClInclude Include="ThirdParty\Assimp\Inc\assimp\Hash.h">
      <Filter>ThirdParty\Assimp\Inc</Filter>
    </ClInclude>
    <ClInclude Include="ThirdParty\Assimp\Inc\assimp\Importer.hpp">
      <Filter>ThirdParty\Assimp\Inc</Filter>
    </ClInclude>
    <ClInclude Include="ThirdParty\Assimp\Inc\assimp\importerdesc.h">
      <Filter>ThirdParty\Assimp\Inc</Filter>
    </ClInclude>
    <ClInclude Include="ThirdParty\Assimp\Inc\assimp\IOStream.hpp">
      <Filter>ThirdParty\Assimp\Inc</Filter>
    </ClInclude>
    <ClInclude Include="ThirdParty\Assimp\Inc\assimp\IOStreamBuffer.h">
      <Filter>ThirdParty\Assimp\Inc</Filter>
    </ClInclude>
    <ClInclude Include="ThirdParty\Assimp\Inc\assimp\IOSystem.hpp">
      <Filter>ThirdParty\Assimp\Inc</Filter>
    </ClInclude>
    <ClInclude Include="ThirdParty\Assimp\Inc\assimp\light.h">
      <Filter>ThirdParty\Assimp\Inc</Filter>
    </ClInclude>
    <ClInclude Include="ThirdParty\Assimp\Inc\assimp\LineSplitter.h">
      <Filter>ThirdParty\Assimp\Inc</Filter>
    </ClInclude>
    <ClInclude Include="ThirdParty\Assimp\Inc\assimp\LogAux.h">
      <Filter>ThirdParty\Assimp\Inc</Filter>
    </ClInclude>
    <ClInclude Include="ThirdParty\Assimp\Inc\assimp\Logger.hpp">
      <Filter>ThirdParty\Assimp\Inc</Filter>
    </ClInclude>
    <ClInclude Include="ThirdParty\Assimp\Inc\assimp\LogStream.hpp">
      <Filter>ThirdParty\Assimp\Inc</Filter>
    </ClInclude>
    <ClInclude Include="ThirdParty\Assimp\Inc\assimp\material.h">
      <Filter>ThirdParty\Assimp\Inc</Filter>
    </ClInclude>
    <ClInclude Include="ThirdParty\Assimp\Inc\assimp\MathFunctions.h">
      <Filter>ThirdParty\Assimp\Inc</Filter>
    </ClInclude>
    <ClInclude Include="ThirdParty\Assimp\Inc\assimp\matrix3x3.h">
      <Filter>ThirdParty\Assimp\Inc</Filter>
    </ClInclude>
    <ClInclude Include="ThirdParty\Assimp\Inc\assimp\matrix4x4.h">
      <Filter>ThirdParty\Assimp\Inc</Filter>
    </ClInclude>
    <ClInclude Include="ThirdParty\Assimp\Inc\assimp\MemoryIOWrapper.h">
      <Filter>ThirdParty\Assimp\Inc</Filter>
    </ClInclude>
    <ClInclude Include="ThirdParty\Assimp\Inc\assimp\mesh.h">
      <Filter>ThirdParty\Assimp\Inc</Filter>
    </ClInclude>
    <ClInclude Include="ThirdParty\Assimp\Inc\Mesh.h">
      <Filter>ThirdParty\Assimp\Inc</Filter>
    </ClInclude>
    <ClInclude Include="ThirdParty\Assimp\Inc\assimp\metadata.h">
      <Filter>ThirdParty\Assimp\Inc</Filter>
    </ClInclude>
    <ClInclude Include="ThirdParty\Assimp\Inc\assimp\NullLogger.hpp">
      <Filter>ThirdParty\Assimp\Inc</Filter>
    </ClInclude>
    <ClInclude Include="ThirdParty\Assimp\Inc\assimp\ObjMaterial.h">
      <Filter>ThirdParty\Assimp\Inc</Filter>
    </ClInclude>
    <ClInclude Include="ThirdParty\Assimp\Inc\assimp\ParsingUtils.h">
      <Filter>ThirdParty\Assimp\Inc</Filter>
    </ClInclude>
    <ClInclude Include="ThirdParty\Assimp\Inc\assimp\pbrmaterial.h">
      <Filter>ThirdParty\Assimp\Inc</Filter>
    </ClInclude>
    <ClInclude Include="ThirdParty\Assimp\Inc\assimp\Compiler\poppack1.h">
      <Filter>ThirdParty\Assimp\Inc</Filter>
    </ClInclude>
    <ClInclude Include="ThirdParty\Assimp\Inc\assimp\postprocess.h">
      <Filter>ThirdParty\Assimp\Inc</Filter>
    </ClInclude>
    <ClInclude Include="ThirdParty\Assimp\Inc\assimp\Profiler.h">
      <Filter>ThirdParty\Assimp\Inc</Filter>
    </ClInclude>
    <ClInclude Include="ThirdParty\Assimp\Inc\assimp\ProgressHandler.hpp">
      <Filter>ThirdParty\Assimp\Inc</Filter>
    </ClInclude>
    <ClInclude Include="ThirdParty\Assimp\Inc\assimp\Compiler\pstdint.h">
      <Filter>ThirdParty\Assimp\Inc</Filter>
    </ClInclude>
    <ClInclude Include="ThirdParty\Assimp\Inc\assimp\Compiler\pushpack1.h">
      <Filter>ThirdParty\Assimp\Inc</Filter>
    </ClInclude>
    <ClInclude Include="ThirdParty\Assimp\Inc\assimp\qnan.h">
      <Filter>ThirdParty\Assimp\Inc</Filter>
    </ClInclude>
    <ClInclude Include="ThirdParty\Assimp\Inc\assimp\quaternion.h">
      <Filter>ThirdParty\Assimp\Inc</Filter>
    </ClInclude>
    <ClInclude Include="ThirdParty\Assimp\Inc\assimp\RemoveComments.h">
      <Filter>ThirdParty\Assimp\Inc</Filter>
    </ClInclude>
    <ClInclude Include="ThirdParty\Assimp\Inc\assimp\scene.h">
      <Filter>ThirdParty\Assimp\Inc</Filter>
    </ClInclude>
    <ClInclude Include="ThirdParty\Assimp\Inc\assimp\SceneCombiner.h">
      <Filter>ThirdParty\Assimp\Inc</Filter>
    </ClInclude>
    <ClInclude Include="ThirdParty\Assimp\Inc\assimp\SGSpatialSort.h">
      <Filter>ThirdParty\Assimp\Inc</Filter>
    </ClInclude>
    <ClInclude Include="ThirdParty\Assimp\Inc\assimp\SkeletonMeshBuilder.h">
      <Filter>ThirdParty\Assimp\Inc</Filter>
    </ClInclude>
    <ClInclude Include="ThirdParty\Assimp\Inc\assimp\SmallVector.h">
      <Filter>ThirdParty\Assimp\Inc</Filter>
    </ClInclude>
    <ClInclude Include="ThirdParty\Assimp\Inc\assimp\SmoothingGroups.h">
      <Filter>ThirdParty\Assimp\Inc</Filter>
    </ClInclude>
    <ClInclude Include="ThirdParty\Assimp\Inc\assimp\SpatialSort.h">
      <Filter>ThirdParty\Assimp\Inc</Filter>
    </ClInclude>
    <ClInclude Include="ThirdParty\Assimp\Inc\assimp\StandardShapes.h">
      <Filter>ThirdParty\Assimp\Inc</Filter>
    </ClInclude>
    <ClInclude Include="ThirdParty\Assimp\Inc\assimp\StreamReader.h">
      <Filter>ThirdParty\Assimp\Inc</Filter>
    </ClInclude>
    <ClInclude Include="ThirdParty\Assimp\Inc\assimp\StreamWriter.h">
      <Filter>ThirdParty\Assimp\Inc</Filter>
    </ClInclude>
    <ClInclude Include="ThirdParty\Assimp\Inc\assimp\StringComparison.h">
      <Filter>ThirdParty\Assimp\Inc</Filter>
    </ClInclude>
    <ClInclude Include="ThirdParty\Assimp\Inc\assimp\StringUtils.h">
      <Filter>ThirdParty\Assimp\Inc</Filter>
    </ClInclude>
    <ClInclude Include="ThirdParty\Assimp\Inc\assimp\Subdivision.h">
      <Filter>ThirdParty\Assimp\Inc</Filter>
    </ClInclude>
    <ClInclude Include="ThirdParty\Assimp\Inc\assimp\texture.h">
      <Filter>ThirdParty\Assimp\Inc</Filter>
    </ClInclude>
    <ClInclude Include="ThirdParty\Assimp\Inc\TextureLoader.h">
      <Filter>ThirdParty\Assimp\Inc</Filter>
    </ClInclude>
    <ClInclude Include="ThirdParty\Assimp\Inc\assimp\TinyFormatter.h">
      <Filter>ThirdParty\Assimp\Inc</Filter>
    </ClInclude>
    <ClInclude Include="ThirdParty\Assimp\Inc\assimp\types.h">
      <Filter>ThirdParty\Assimp\Inc</Filter>
    </ClInclude>
    <ClInclude Include="ThirdParty\Assimp\Inc\assimp\vector2.h">
      <Filter>ThirdParty\Assimp\Inc</Filter>
    </ClInclude>
    <ClInclude Include="ThirdParty\Assimp\Inc\assimp\vector3.h">
      <Filter>ThirdParty\Assimp\Inc</Filter>
    </ClInclude>
    <ClInclude Include="ThirdParty\Assimp\Inc\assimp\version.h">
      <Filter>ThirdParty\Assimp\Inc</Filter>
    </ClInclude>
    <ClInclude Include="ThirdParty\Assimp\Inc\assimp\Vertex.h">
      <Filter>ThirdParty\Assimp\Inc</Filter>
    </ClInclude>
    <ClInclude Include="ThirdParty\Assimp\Inc\assimp\XmlParser.h">
      <Filter>ThirdParty\Assimp\Inc</Filter>
    </ClInclude>
    <ClInclude Include="ThirdParty\Assimp\Inc\assimp\XMLTools.h">
      <Filter>ThirdParty\Assimp\Inc</Filter>
    </ClInclude>
    <ClInclude Include="ThirdParty\Assimp\Inc\assimp\ZipArchiveIOSystem.h">
      <Filter>ThirdParty\Assimp\Inc</Filter>
    </ClInclude>
  </ItemGroup>
  <ItemGroup>
    <ClCompile Include="EngineCore.cpp" />
    <ClCompile Include="PreCompile.cpp">
      <Filter>Precompile</Filter>
    </ClCompile>
    <ClCompile Include="Level.cpp" />
    <ClCompile Include="Actor.cpp">
      <Filter>Actor</Filter>
    </ClCompile>
    <ClCompile Include="Pawn.cpp">
      <Filter>Actor</Filter>
    </ClCompile>
    <ClCompile Include="ActorComponent.cpp">
      <Filter>Component</Filter>
    </ClCompile>
    <ClCompile Include="SceneComponent.cpp">
      <Filter>Component</Filter>
    </ClCompile>
    <ClCompile Include="GameMode.cpp" />
    <ClCompile Include="EngineGraphicDevice.cpp" />
    <ClCompile Include="CameraActor.cpp">
      <Filter>Camera</Filter>
    </ClCompile>
    <ClCompile Include="EngineCamera.cpp">
      <Filter>Camera</Filter>
    </ClCompile>
    <ClCompile Include="SpriteRenderer.cpp">
      <Filter>Rendering</Filter>
    </ClCompile>
    <ClCompile Include="Renderer.cpp">
      <Filter>Rendering</Filter>
    </ClCompile>
    <ClCompile Include="EngineResources.cpp">
      <Filter>Resources</Filter>
    </ClCompile>
    <ClCompile Include="EngineTexture.cpp">
      <Filter>Resources</Filter>
    </ClCompile>
    <ClCompile Include="EngineSprite.cpp">
      <Filter>Component</Filter>
    </ClCompile>
    <ClCompile Include="imgui.cpp">
      <Filter>Imgui</Filter>
    </ClCompile>
    <ClCompile Include="imgui_draw.cpp">
      <Filter>Imgui</Filter>
    </ClCompile>
    <ClCompile Include="imgui_impl_dx11.cpp">
      <Filter>Imgui</Filter>
    </ClCompile>
    <ClCompile Include="imgui_impl_win32.cpp">
      <Filter>Imgui</Filter>
    </ClCompile>
    <ClCompile Include="imgui_tables.cpp">
      <Filter>Imgui</Filter>
    </ClCompile>
    <ClCompile Include="imgui_widgets.cpp">
      <Filter>Imgui</Filter>
    </ClCompile>
    <ClCompile Include="EngineGUI.cpp">
      <Filter>Imgui</Filter>
    </ClCompile>
    <ClCompile Include="EngineGUIWindow.cpp">
      <Filter>Imgui</Filter>
    </ClCompile>
    <ClCompile Include="DefaultSceneComponent.cpp">
      <Filter>Component</Filter>
    </ClCompile>
    <ClCompile Include="ObjRenderer.cpp">
      <Filter>Rendering</Filter>
    </ClCompile>
    <ClCompile Include="ThirdParty\Assimp\Inc\TextureLoader.cpp">
      <Filter>ThirdParty\Assimp\Cpp</Filter>
    </ClCompile>
  </ItemGroup>
  <ItemGroup>
    <Filter Include="Precompile">
      <UniqueIdentifier>{d42932bf-94ca-46fd-b5dd-f25b3fb3333c}</UniqueIdentifier>
    </Filter>
    <Filter Include="Actor">
      <UniqueIdentifier>{71c5887d-aaaa-4a6c-9003-85c9f486ae9d}</UniqueIdentifier>
    </Filter>
    <Filter Include="Component">
      <UniqueIdentifier>{30bd41ba-dddb-45fc-88a4-a26865146940}</UniqueIdentifier>
    </Filter>
    <Filter Include="Camera">
      <UniqueIdentifier>{88123aa3-d5e4-4524-9bb1-7880040af938}</UniqueIdentifier>
    </Filter>
    <Filter Include="ThirdParty">
      <UniqueIdentifier>{0f4a2647-b28b-432f-a568-59da80706c61}</UniqueIdentifier>
    </Filter>
    <Filter Include="ThirdParty\DirectXTex">
      <UniqueIdentifier>{aab3a29b-d693-4265-81f1-ac5272ee40c7}</UniqueIdentifier>
    </Filter>
    <Filter Include="ThirdParty\DirectXTex\Debug">
      <UniqueIdentifier>{d055502d-2666-4aaa-88f6-d4e4050a09e3}</UniqueIdentifier>
    </Filter>
    <Filter Include="ThirdParty\DirectXTex\Release">
      <UniqueIdentifier>{2c956bec-4038-42fc-81a3-7c93c0eda8b3}</UniqueIdentifier>
    </Filter>
    <Filter Include="ThirdParty\DirectXTex\Inc">
      <UniqueIdentifier>{575da293-6183-48c0-b1c5-59263c4e9f04}</UniqueIdentifier>
    </Filter>
    <Filter Include="Rendering">
      <UniqueIdentifier>{0d9704b0-edd8-43b3-b0ea-e0ce3adb1e92}</UniqueIdentifier>
    </Filter>
    <Filter Include="Resources">
      <UniqueIdentifier>{4aaea5b0-b7d4-47ec-9400-11847393edfc}</UniqueIdentifier>
    </Filter>
    <Filter Include="Imgui">
      <UniqueIdentifier>{29f5cf9d-b13d-497a-bb3b-d6b93dad1b55}</UniqueIdentifier>
    </Filter>
    <Filter Include="ThirdParty\Assimp">
      <UniqueIdentifier>{37217929-4646-457d-818c-0bac08e79b4d}</UniqueIdentifier>
    </Filter>
    <Filter Include="ThirdParty\Assimp\Inc">
      <UniqueIdentifier>{eb723a7c-fa07-4273-9087-82bb7a288bbc}</UniqueIdentifier>
    </Filter>
    <Filter Include="ThirdParty\Assimp\Lib">
      <UniqueIdentifier>{52e0c47b-45e4-4d9c-9d62-2d4908c1d628}</UniqueIdentifier>
    </Filter>
    <Filter Include="ThirdParty\Assimp\Lib\Debug">
      <UniqueIdentifier>{be8495bd-6d61-46ed-969c-ba6bb70f8836}</UniqueIdentifier>
    </Filter>
    <Filter Include="ThirdParty\Assimp\Lib\Release">
      <UniqueIdentifier>{3bdfee16-5ee9-4bb0-a51e-3caa924e8bba}</UniqueIdentifier>
    </Filter>
    <Filter Include="ThirdParty\Assimp\Cpp">
      <UniqueIdentifier>{1d4c7153-2a6e-4011-beb4-2e6a0b77baaf}</UniqueIdentifier>
    </Filter>
    <Filter Include="ThirdParty\Assimp\Bin">
      <UniqueIdentifier>{be97737c-72c3-4da4-8605-bdd60f0f937d}</UniqueIdentifier>
    </Filter>
    <Filter Include="ThirdParty\Assimp\Bin\Debug">
      <UniqueIdentifier>{bc8e1b9a-1ab0-4cc7-a0b2-d6b0fa809aef}</UniqueIdentifier>
    </Filter>
    <Filter Include="ThirdParty\Assimp\Bin\Release">
      <UniqueIdentifier>{2ee9614c-1d05-43a9-a904-2c36dbea1c7b}</UniqueIdentifier>
    </Filter>
  </ItemGroup>
  <ItemGroup>
    <None Include="ThirdParty\DirectXTex\Inc\DirectXTex.inl">
      <Filter>ThirdParty\DirectXTex\Inc</Filter>
    </None>
    <None Include="ThirdParty\Assimp\Inc\assimp\color4.inl">
      <Filter>ThirdParty\Assimp\Inc</Filter>
    </None>
    <None Include="ThirdParty\Assimp\Inc\assimp\material.inl">
      <Filter>ThirdParty\Assimp\Inc</Filter>
    </None>
    <None Include="ThirdParty\Assimp\Inc\assimp\matrix3x3.inl">
      <Filter>ThirdParty\Assimp\Inc</Filter>
    </None>
    <None Include="ThirdParty\Assimp\Inc\assimp\matrix4x4.inl">
      <Filter>ThirdParty\Assimp\Inc</Filter>
    </None>
    <None Include="ThirdParty\Assimp\Inc\assimp\quaternion.inl">
      <Filter>ThirdParty\Assimp\Inc</Filter>
    </None>
    <None Include="ThirdParty\Assimp\Inc\assimp\SmoothingGroups.inl">
      <Filter>ThirdParty\Assimp\Inc</Filter>
    </None>
    <None Include="ThirdParty\Assimp\Inc\assimp\vector2.inl">
      <Filter>ThirdParty\Assimp\Inc</Filter>
    </None>
    <None Include="ThirdParty\Assimp\Inc\assimp\vector3.inl">
      <Filter>ThirdParty\Assimp\Inc</Filter>
    </None>
  </ItemGroup>
  <ItemGroup>
    <Library Include="ThirdParty\DirectXTex\Release\DirectXTex.lib">
      <Filter>ThirdParty\DirectXTex\Release</Filter>
    </Library>
    <Library Include="ThirdParty\DirectXTex\Debug\DirectXTex.lib">
      <Filter>ThirdParty\DirectXTex\Debug</Filter>
    </Library>
    <Library Include="ThirdParty\Assimp\Lib\Release\assimp-vc143-mt.lib">
      <Filter>ThirdParty\Assimp\Lib\Release</Filter>
    </Library>
    <Library Include="ThirdParty\Assimp\Lib\Debug\assimp-vc143-mtd.lib">
      <Filter>ThirdParty\Assimp\Lib\Debug</Filter>
    </Library>
  </ItemGroup>
  <ItemGroup>
    <CopyFileToFolders Include="ThirdParty\Assimp\Bin\Debug\assimp-vc143-mtd.dll">
      <Filter>ThirdParty\Assimp\Bin\Debug</Filter>
    </CopyFileToFolders>
    <CopyFileToFolders Include="ThirdParty\Assimp\Bin\Release\assimp-vc143-mt.dll">
      <Filter>ThirdParty\Assimp\Bin\Release</Filter>
    </CopyFileToFolders>
  </ItemGroup>
</Project>