<?xml version="1.0" encoding="utf-8"?>
<Project ToolsVersion="4.0" xmlns="http://schemas.microsoft.com/developer/msbuild/2003">
  <ItemGroup>
    <ClCompile Include="EngineMath.cpp" />
    <ClCompile Include="EngineDebug.cpp" />
    <ClCompile Include="EngineDirectory.cpp">
      <Filter>IO</Filter>
    </ClCompile>
    <ClCompile Include="EngineFile.cpp">
      <Filter>IO</Filter>
    </ClCompile>
    <ClCompile Include="EnginePath.cpp">
      <Filter>IO</Filter>
    </ClCompile>
    <ClCompile Include="EngineSerializer.cpp">
      <Filter>IO</Filter>
    </ClCompile>
    <ClCompile Include="PreCompile.cpp">
      <Filter>Precompile</Filter>
    </ClCompile>
    <ClCompile Include="Object.cpp" />
    <ClCompile Include="EngineString.cpp" />
  </ItemGroup>
  <ItemGroup>
    <ClInclude Include="EngineMath.h" />
    <ClInclude Include="EngineDefine.h" />
    <ClInclude Include="EngineDebug.h" />
    <ClInclude Include="EngineDirectory.h">
      <Filter>IO</Filter>
    </ClInclude>
    <ClInclude Include="EngineFile.h">
      <Filter>IO</Filter>
    </ClInclude>
    <ClInclude Include="EnginePath.h">
      <Filter>IO</Filter>
    </ClInclude>
    <ClInclude Include="EngineSerializer.h">
      <Filter>IO</Filter>
    </ClInclude>
    <ClInclude Include="PreCompile.h">
      <Filter>Precompile</Filter>
    </ClInclude>
    <ClInclude Include="Object.h" />
    <ClInclude Include="EngineString.h" />
  </ItemGroup>
  <ItemGroup>
    <Filter Include="IO">
      <UniqueIdentifier>{1879ace0-91de-493b-9e57-de5fc515cf7f}</UniqueIdentifier>
    </Filter>
    <Filter Include="Precompile">
      <UniqueIdentifier>{f29c37f1-4038-4d45-b871-65162571b650}</UniqueIdentifier>
    </Filter>
  </ItemGroup>
</Project>